// !$*UTF8*$!
{
	archiveVersion = 1;
	classes = {
	};
	objectVersion = 56;
	objects = {

/* Begin PBXBuildFile section */
		13009EFA2BB3610800C81B18 /* WeatherDataRaw.swift in Sources */ = {isa = PBXBuildFile; fileRef = 13009EF92BB3610800C81B18 /* WeatherDataRaw.swift */; };
		2013880AE6B623D157D55A54 /* Pods_TodoList.framework in Frameworks */ = {isa = PBXBuildFile; fileRef = 5554C760515225AE9D3F83DC /* Pods_TodoList.framework */; };
		3B59A73D2BAF47A200D61FA1 /* Task+CoreDataClass.swift in Sources */ = {isa = PBXBuildFile; fileRef = 3B59A73C2BAF47A200D61FA1 /* Task+CoreDataClass.swift */; };
		3B59A73F2BAF515300D61FA1 /* GeolocHandler.swift in Sources */ = {isa = PBXBuildFile; fileRef = 3B59A73E2BAF515300D61FA1 /* GeolocHandler.swift */; };
		3B59A7412BAF572100D61FA1 /* AlertPopupHelper.swift in Sources */ = {isa = PBXBuildFile; fileRef = 3B59A7402BAF572100D61FA1 /* AlertPopupHelper.swift */; };
		3B740B612BB1AABB0060A594 /* Task+CoreDataProperties.swift in Sources */ = {isa = PBXBuildFile; fileRef = 3B740B602BB1AABB0060A594 /* Task+CoreDataProperties.swift */; };
		3BFF2D362BAEF66700CC3698 /* AppDelegate.swift in Sources */ = {isa = PBXBuildFile; fileRef = 3BFF2D352BAEF66700CC3698 /* AppDelegate.swift */; };
		3BFF2D382BAEF66700CC3698 /* SceneDelegate.swift in Sources */ = {isa = PBXBuildFile; fileRef = 3BFF2D372BAEF66700CC3698 /* SceneDelegate.swift */; };
		3BFF2D3A2BAEF66700CC3698 /* ViewController.swift in Sources */ = {isa = PBXBuildFile; fileRef = 3BFF2D392BAEF66700CC3698 /* ViewController.swift */; };
		3BFF2D3D2BAEF66700CC3698 /* Main.storyboard in Resources */ = {isa = PBXBuildFile; fileRef = 3BFF2D3B2BAEF66700CC3698 /* Main.storyboard */; };
		3BFF2D402BAEF66700CC3698 /* TodoList.xcdatamodeld in Sources */ = {isa = PBXBuildFile; fileRef = 3BFF2D3E2BAEF66700CC3698 /* TodoList.xcdatamodeld */; };
		3BFF2D422BAEF66900CC3698 /* Assets.xcassets in Resources */ = {isa = PBXBuildFile; fileRef = 3BFF2D412BAEF66900CC3698 /* Assets.xcassets */; };
		3BFF2D452BAEF66900CC3698 /* LaunchScreen.storyboard in Resources */ = {isa = PBXBuildFile; fileRef = 3BFF2D432BAEF66900CC3698 /* LaunchScreen.storyboard */; };
		3BFF2D532BAEFE0D00CC3698 /* AddTaskViewController.swift in Sources */ = {isa = PBXBuildFile; fileRef = 3BFF2D522BAEFE0D00CC3698 /* AddTaskViewController.swift */; };
		3BFF2D552BAEFE5000CC3698 /* TaskListViewController.swift in Sources */ = {isa = PBXBuildFile; fileRef = 3BFF2D542BAEFE5000CC3698 /* TaskListViewController.swift */; };
		3BFF2D572BAEFEAE00CC3698 /* ViewTaskViewController.swift in Sources */ = {isa = PBXBuildFile; fileRef = 3BFF2D562BAEFEAE00CC3698 /* ViewTaskViewController.swift */; };
		3BFF2D622BAF13E700CC3698 /* CoreDataHandler.swift in Sources */ = {isa = PBXBuildFile; fileRef = 3BFF2D612BAF13E700CC3698 /* CoreDataHandler.swift */; };
/* End PBXBuildFile section */

/* Begin PBXFileReference section */
		13009EF92BB3610800C81B18 /* WeatherDataRaw.swift */ = {isa = PBXFileReference; lastKnownFileType = sourcecode.swift; path = WeatherDataRaw.swift; sourceTree = "<group>"; };
		3B59A73C2BAF47A200D61FA1 /* Task+CoreDataClass.swift */ = {isa = PBXFileReference; lastKnownFileType = sourcecode.swift; path = "Task+CoreDataClass.swift"; sourceTree = SOURCE_ROOT; };
		3B59A73E2BAF515300D61FA1 /* GeolocHandler.swift */ = {isa = PBXFileReference; lastKnownFileType = sourcecode.swift; path = GeolocHandler.swift; sourceTree = "<group>"; };
		3B59A7402BAF572100D61FA1 /* AlertPopupHelper.swift */ = {isa = PBXFileReference; lastKnownFileType = sourcecode.swift; path = AlertPopupHelper.swift; sourceTree = "<group>"; };
		3B740B602BB1AABB0060A594 /* Task+CoreDataProperties.swift */ = {isa = PBXFileReference; lastKnownFileType = sourcecode.swift; path = "Task+CoreDataProperties.swift"; sourceTree = SOURCE_ROOT; };
		3BFF2D322BAEF66700CC3698 /* TodoList.app */ = {isa = PBXFileReference; explicitFileType = wrapper.application; includeInIndex = 0; path = TodoList.app; sourceTree = BUILT_PRODUCTS_DIR; };
		3BFF2D352BAEF66700CC3698 /* AppDelegate.swift */ = {isa = PBXFileReference; lastKnownFileType = sourcecode.swift; path = AppDelegate.swift; sourceTree = "<group>"; };
		3BFF2D372BAEF66700CC3698 /* SceneDelegate.swift */ = {isa = PBXFileReference; lastKnownFileType = sourcecode.swift; path = SceneDelegate.swift; sourceTree = "<group>"; };
		3BFF2D392BAEF66700CC3698 /* ViewController.swift */ = {isa = PBXFileReference; lastKnownFileType = sourcecode.swift; path = ViewController.swift; sourceTree = "<group>"; };
		3BFF2D3C2BAEF66700CC3698 /* Base */ = {isa = PBXFileReference; lastKnownFileType = file.storyboard; name = Base; path = Base.lproj/Main.storyboard; sourceTree = "<group>"; };
		3BFF2D3F2BAEF66700CC3698 /* TodoList.xcdatamodel */ = {isa = PBXFileReference; lastKnownFileType = wrapper.xcdatamodel; path = TodoList.xcdatamodel; sourceTree = "<group>"; };
		3BFF2D412BAEF66900CC3698 /* Assets.xcassets */ = {isa = PBXFileReference; lastKnownFileType = folder.assetcatalog; path = Assets.xcassets; sourceTree = "<group>"; };
		3BFF2D442BAEF66900CC3698 /* Base */ = {isa = PBXFileReference; lastKnownFileType = file.storyboard; name = Base; path = Base.lproj/LaunchScreen.storyboard; sourceTree = "<group>"; };
		3BFF2D462BAEF66900CC3698 /* Info.plist */ = {isa = PBXFileReference; lastKnownFileType = text.plist.xml; path = Info.plist; sourceTree = "<group>"; };
		3BFF2D522BAEFE0D00CC3698 /* AddTaskViewController.swift */ = {isa = PBXFileReference; lastKnownFileType = sourcecode.swift; path = AddTaskViewController.swift; sourceTree = "<group>"; };
		3BFF2D542BAEFE5000CC3698 /* TaskListViewController.swift */ = {isa = PBXFileReference; lastKnownFileType = sourcecode.swift; path = TaskListViewController.swift; sourceTree = "<group>"; };
		3BFF2D562BAEFEAE00CC3698 /* ViewTaskViewController.swift */ = {isa = PBXFileReference; lastKnownFileType = sourcecode.swift; path = ViewTaskViewController.swift; sourceTree = "<group>"; };
		3BFF2D612BAF13E700CC3698 /* CoreDataHandler.swift */ = {isa = PBXFileReference; lastKnownFileType = sourcecode.swift; path = CoreDataHandler.swift; sourceTree = "<group>"; };
		5554C760515225AE9D3F83DC /* Pods_TodoList.framework */ = {isa = PBXFileReference; explicitFileType = wrapper.framework; includeInIndex = 0; path = Pods_TodoList.framework; sourceTree = BUILT_PRODUCTS_DIR; };
		E1157FA4B7E1D1302E0A5A06 /* Pods-TodoList.release.xcconfig */ = {isa = PBXFileReference; includeInIndex = 1; lastKnownFileType = text.xcconfig; name = "Pods-TodoList.release.xcconfig"; path = "Target Support Files/Pods-TodoList/Pods-TodoList.release.xcconfig"; sourceTree = "<group>"; };
		F9FC5CA23FF417AF841FD38B /* Pods-TodoList.debug.xcconfig */ = {isa = PBXFileReference; includeInIndex = 1; lastKnownFileType = text.xcconfig; name = "Pods-TodoList.debug.xcconfig"; path = "Target Support Files/Pods-TodoList/Pods-TodoList.debug.xcconfig"; sourceTree = "<group>"; };
/* End PBXFileReference section */

/* Begin PBXFrameworksBuildPhase section */
		3BFF2D2F2BAEF66700CC3698 /* Frameworks */ = {
			isa = PBXFrameworksBuildPhase;
			buildActionMask = 2147483647;
			files = (
				2013880AE6B623D157D55A54 /* Pods_TodoList.framework in Frameworks */,
			);
			runOnlyForDeploymentPostprocessing = 0;
		};
/* End PBXFrameworksBuildPhase section */

/* Begin PBXGroup section */
		14511FA73639970F21911E38 /* Frameworks */ = {
			isa = PBXGroup;
			children = (
				5554C760515225AE9D3F83DC /* Pods_TodoList.framework */,
			);
			name = Frameworks;
			sourceTree = "<group>";
		};
		3BFF2D292BAEF66700CC3698 = {
			isa = PBXGroup;
			children = (
				3B740B602BB1AABB0060A594 /* Task+CoreDataProperties.swift */,
				3B59A73C2BAF47A200D61FA1 /* Task+CoreDataClass.swift */,
				3BFF2D342BAEF66700CC3698 /* TodoList */,
				3BFF2D332BAEF66700CC3698 /* Products */,
				B9A732D28A0B2C4C2B7DC9DA /* Pods */,
				14511FA73639970F21911E38 /* Frameworks */,
			);
			sourceTree = "<group>";
		};
		3BFF2D332BAEF66700CC3698 /* Products */ = {
			isa = PBXGroup;
			children = (
				3BFF2D322BAEF66700CC3698 /* TodoList.app */,
			);
			name = Products;
			sourceTree = "<group>";
		};
		3BFF2D342BAEF66700CC3698 /* TodoList */ = {
			isa = PBXGroup;
			children = (
				3BFF2D602BAF13CC00CC3698 /* Handlers */,
				3BFF2D512BAEFD9D00CC3698 /* Views */,
				3BFF2D352BAEF66700CC3698 /* AppDelegate.swift */,
				3BFF2D372BAEF66700CC3698 /* SceneDelegate.swift */,
				3BFF2D392BAEF66700CC3698 /* ViewController.swift */,
				3BFF2D3B2BAEF66700CC3698 /* Main.storyboard */,
				3BFF2D412BAEF66900CC3698 /* Assets.xcassets */,
				3BFF2D432BAEF66900CC3698 /* LaunchScreen.storyboard */,
				3BFF2D462BAEF66900CC3698 /* Info.plist */,
				3BFF2D3E2BAEF66700CC3698 /* TodoList.xcdatamodeld */,
				13009EF92BB3610800C81B18 /* WeatherDataRaw.swift */,
			);
			path = TodoList;
			sourceTree = "<group>";
		};
		3BFF2D512BAEFD9D00CC3698 /* Views */ = {
			isa = PBXGroup;
			children = (
				3BFF2D522BAEFE0D00CC3698 /* AddTaskViewController.swift */,
				3BFF2D542BAEFE5000CC3698 /* TaskListViewController.swift */,
				3BFF2D562BAEFEAE00CC3698 /* ViewTaskViewController.swift */,
			);
			name = Views;
			sourceTree = "<group>";
		};
		3BFF2D602BAF13CC00CC3698 /* Handlers */ = {
			isa = PBXGroup;
			children = (
				3BFF2D612BAF13E700CC3698 /* CoreDataHandler.swift */,
				3B59A73E2BAF515300D61FA1 /* GeolocHandler.swift */,
				3B59A7402BAF572100D61FA1 /* AlertPopupHelper.swift */,
			);
			name = Handlers;
			sourceTree = "<group>";
		};
		B9A732D28A0B2C4C2B7DC9DA /* Pods */ = {
			isa = PBXGroup;
			children = (
				F9FC5CA23FF417AF841FD38B /* Pods-TodoList.debug.xcconfig */,
				E1157FA4B7E1D1302E0A5A06 /* Pods-TodoList.release.xcconfig */,
			);
			path = Pods;
			sourceTree = "<group>";
		};
/* End PBXGroup section */

/* Begin PBXNativeTarget section */
		3BFF2D312BAEF66700CC3698 /* TodoList */ = {
			isa = PBXNativeTarget;
			buildConfigurationList = 3BFF2D492BAEF66900CC3698 /* Build configuration list for PBXNativeTarget "TodoList" */;
			buildPhases = (
				47026ADABC90CED280515AA5 /* [CP] Check Pods Manifest.lock */,
				3BFF2D2E2BAEF66700CC3698 /* Sources */,
				3BFF2D2F2BAEF66700CC3698 /* Frameworks */,
				3BFF2D302BAEF66700CC3698 /* Resources */,
				CBDC59A5DCBDBF7D678C08B1 /* [CP] Embed Pods Frameworks */,
			);
			buildRules = (
			);
			dependencies = (
			);
			name = TodoList;
			productName = TodoList;
			productReference = 3BFF2D322BAEF66700CC3698 /* TodoList.app */;
			productType = "com.apple.product-type.application";
		};
/* End PBXNativeTarget section */

/* Begin PBXProject section */
		3BFF2D2A2BAEF66700CC3698 /* Project object */ = {
			isa = PBXProject;
			attributes = {
				BuildIndependentTargetsInParallel = 1;
				LastSwiftUpdateCheck = 1520;
				LastUpgradeCheck = 1520;
				TargetAttributes = {
					3BFF2D312BAEF66700CC3698 = {
						CreatedOnToolsVersion = 15.2;
					};
				};
			};
			buildConfigurationList = 3BFF2D2D2BAEF66700CC3698 /* Build configuration list for PBXProject "TodoList" */;
			compatibilityVersion = "Xcode 14.0";
			developmentRegion = en;
			hasScannedForEncodings = 0;
			knownRegions = (
				en,
				Base,
			);
			mainGroup = 3BFF2D292BAEF66700CC3698;
			productRefGroup = 3BFF2D332BAEF66700CC3698 /* Products */;
			projectDirPath = "";
			projectRoot = "";
			targets = (
				3BFF2D312BAEF66700CC3698 /* TodoList */,
			);
		};
/* End PBXProject section */

/* Begin PBXResourcesBuildPhase section */
		3BFF2D302BAEF66700CC3698 /* Resources */ = {
			isa = PBXResourcesBuildPhase;
			buildActionMask = 2147483647;
			files = (
				3BFF2D452BAEF66900CC3698 /* LaunchScreen.storyboard in Resources */,
				3BFF2D422BAEF66900CC3698 /* Assets.xcassets in Resources */,
				3BFF2D3D2BAEF66700CC3698 /* Main.storyboard in Resources */,
			);
			runOnlyForDeploymentPostprocessing = 0;
		};
/* End PBXResourcesBuildPhase section */

/* Begin PBXShellScriptBuildPhase section */
		47026ADABC90CED280515AA5 /* [CP] Check Pods Manifest.lock */ = {
			isa = PBXShellScriptBuildPhase;
			buildActionMask = 2147483647;
			files = (
			);
			inputFileListPaths = (
			);
			inputPaths = (
				"${PODS_PODFILE_DIR_PATH}/Podfile.lock",
				"${PODS_ROOT}/Manifest.lock",
			);
			name = "[CP] Check Pods Manifest.lock";
			outputFileListPaths = (
			);
			outputPaths = (
				"$(DERIVED_FILE_DIR)/Pods-TodoList-checkManifestLockResult.txt",
			);
			runOnlyForDeploymentPostprocessing = 0;
			shellPath = /bin/sh;
			shellScript = "diff \"${PODS_PODFILE_DIR_PATH}/Podfile.lock\" \"${PODS_ROOT}/Manifest.lock\" > /dev/null\nif [ $? != 0 ] ; then\n    # print error to STDERR\n    echo \"error: The sandbox is not in sync with the Podfile.lock. Run 'pod install' or update your CocoaPods installation.\" >&2\n    exit 1\nfi\n# This output is used by Xcode 'outputs' to avoid re-running this script phase.\necho \"SUCCESS\" > \"${SCRIPT_OUTPUT_FILE_0}\"\n";
			showEnvVarsInLog = 0;
		};
		CBDC59A5DCBDBF7D678C08B1 /* [CP] Embed Pods Frameworks */ = {
			isa = PBXShellScriptBuildPhase;
			buildActionMask = 2147483647;
			files = (
			);
			inputFileListPaths = (
				"${PODS_ROOT}/Target Support Files/Pods-TodoList/Pods-TodoList-frameworks-${CONFIGURATION}-input-files.xcfilelist",
			);
			name = "[CP] Embed Pods Frameworks";
			outputFileListPaths = (
				"${PODS_ROOT}/Target Support Files/Pods-TodoList/Pods-TodoList-frameworks-${CONFIGURATION}-output-files.xcfilelist",
			);
			runOnlyForDeploymentPostprocessing = 0;
			shellPath = /bin/sh;
			shellScript = "\"${PODS_ROOT}/Target Support Files/Pods-TodoList/Pods-TodoList-frameworks.sh\"\n";
			showEnvVarsInLog = 0;
		};
/* End PBXShellScriptBuildPhase section */

/* Begin PBXSourcesBuildPhase section */
		3BFF2D2E2BAEF66700CC3698 /* Sources */ = {
			isa = PBXSourcesBuildPhase;
			buildActionMask = 2147483647;
			files = (
				3BFF2D532BAEFE0D00CC3698 /* AddTaskViewController.swift in Sources */,
				3B59A7412BAF572100D61FA1 /* AlertPopupHelper.swift in Sources */,
				3BFF2D3A2BAEF66700CC3698 /* ViewController.swift in Sources */,
				3BFF2D362BAEF66700CC3698 /* AppDelegate.swift in Sources */,
				3BFF2D382BAEF66700CC3698 /* SceneDelegate.swift in Sources */,
				3BFF2D402BAEF66700CC3698 /* TodoList.xcdatamodeld in Sources */,
				3BFF2D622BAF13E700CC3698 /* CoreDataHandler.swift in Sources */,
				13009EFA2BB3610800C81B18 /* WeatherDataRaw.swift in Sources */,
				3B740B612BB1AABB0060A594 /* Task+CoreDataProperties.swift in Sources */,
				3B59A73F2BAF515300D61FA1 /* GeolocHandler.swift in Sources */,
				3B59A73D2BAF47A200D61FA1 /* Task+CoreDataClass.swift in Sources */,
				3BFF2D572BAEFEAE00CC3698 /* ViewTaskViewController.swift in Sources */,
				3BFF2D552BAEFE5000CC3698 /* TaskListViewController.swift in Sources */,
			);
			runOnlyForDeploymentPostprocessing = 0;
		};
/* End PBXSourcesBuildPhase section */

/* Begin PBXVariantGroup section */
		3BFF2D3B2BAEF66700CC3698 /* Main.storyboard */ = {
			isa = PBXVariantGroup;
			children = (
				3BFF2D3C2BAEF66700CC3698 /* Base */,
			);
			name = Main.storyboard;
			sourceTree = "<group>";
		};
		3BFF2D432BAEF66900CC3698 /* LaunchScreen.storyboard */ = {
			isa = PBXVariantGroup;
			children = (
				3BFF2D442BAEF66900CC3698 /* Base */,
			);
			name = LaunchScreen.storyboard;
			sourceTree = "<group>";
		};
/* End PBXVariantGroup section */

/* Begin XCBuildConfiguration section */
		3BFF2D472BAEF66900CC3698 /* Debug */ = {
			isa = XCBuildConfiguration;
			buildSettings = {
				ALWAYS_SEARCH_USER_PATHS = NO;
				ASSETCATALOG_COMPILER_GENERATE_SWIFT_ASSET_SYMBOL_EXTENSIONS = YES;
				CLANG_ANALYZER_NONNULL = YES;
				CLANG_ANALYZER_NUMBER_OBJECT_CONVERSION = YES_AGGRESSIVE;
				CLANG_CXX_LANGUAGE_STANDARD = "gnu++20";
				CLANG_ENABLE_MODULES = YES;
				CLANG_ENABLE_OBJC_ARC = YES;
				CLANG_ENABLE_OBJC_WEAK = YES;
				CLANG_WARN_BLOCK_CAPTURE_AUTORELEASING = YES;
				CLANG_WARN_BOOL_CONVERSION = YES;
				CLANG_WARN_COMMA = YES;
				CLANG_WARN_CONSTANT_CONVERSION = YES;
				CLANG_WARN_DEPRECATED_OBJC_IMPLEMENTATIONS = YES;
				CLANG_WARN_DIRECT_OBJC_ISA_USAGE = YES_ERROR;
				CLANG_WARN_DOCUMENTATION_COMMENTS = YES;
				CLANG_WARN_EMPTY_BODY = YES;
				CLANG_WARN_ENUM_CONVERSION = YES;
				CLANG_WARN_INFINITE_RECURSION = YES;
				CLANG_WARN_INT_CONVERSION = YES;
				CLANG_WARN_NON_LITERAL_NULL_CONVERSION = YES;
				CLANG_WARN_OBJC_IMPLICIT_RETAIN_SELF = YES;
				CLANG_WARN_OBJC_LITERAL_CONVERSION = YES;
				CLANG_WARN_OBJC_ROOT_CLASS = YES_ERROR;
				CLANG_WARN_QUOTED_INCLUDE_IN_FRAMEWORK_HEADER = YES;
				CLANG_WARN_RANGE_LOOP_ANALYSIS = YES;
				CLANG_WARN_STRICT_PROTOTYPES = YES;
				CLANG_WARN_SUSPICIOUS_MOVE = YES;
				CLANG_WARN_UNGUARDED_AVAILABILITY = YES_AGGRESSIVE;
				CLANG_WARN_UNREACHABLE_CODE = YES;
				CLANG_WARN__DUPLICATE_METHOD_MATCH = YES;
				COPY_PHASE_STRIP = NO;
				DEBUG_INFORMATION_FORMAT = dwarf;
				ENABLE_STRICT_OBJC_MSGSEND = YES;
				ENABLE_TESTABILITY = YES;
				ENABLE_USER_SCRIPT_SANDBOXING = YES;
				GCC_C_LANGUAGE_STANDARD = gnu17;
				GCC_DYNAMIC_NO_PIC = NO;
				GCC_NO_COMMON_BLOCKS = YES;
				GCC_OPTIMIZATION_LEVEL = 0;
				GCC_PREPROCESSOR_DEFINITIONS = (
					"DEBUG=1",
					"$(inherited)",
				);
				GCC_WARN_64_TO_32_BIT_CONVERSION = YES;
				GCC_WARN_ABOUT_RETURN_TYPE = YES_ERROR;
				GCC_WARN_UNDECLARED_SELECTOR = YES;
				GCC_WARN_UNINITIALIZED_AUTOS = YES_AGGRESSIVE;
				GCC_WARN_UNUSED_FUNCTION = YES;
				GCC_WARN_UNUSED_VARIABLE = YES;
				IPHONEOS_DEPLOYMENT_TARGET = 17.2;
				LOCALIZATION_PREFERS_STRING_CATALOGS = YES;
				MTL_ENABLE_DEBUG_INFO = INCLUDE_SOURCE;
				MTL_FAST_MATH = YES;
				ONLY_ACTIVE_ARCH = YES;
				SDKROOT = iphoneos;
				SWIFT_ACTIVE_COMPILATION_CONDITIONS = "DEBUG $(inherited)";
				SWIFT_OPTIMIZATION_LEVEL = "-Onone";
			};
			name = Debug;
		};
		3BFF2D482BAEF66900CC3698 /* Release */ = {
			isa = XCBuildConfiguration;
			buildSettings = {
				ALWAYS_SEARCH_USER_PATHS = NO;
				ASSETCATALOG_COMPILER_GENERATE_SWIFT_ASSET_SYMBOL_EXTENSIONS = YES;
				CLANG_ANALYZER_NONNULL = YES;
				CLANG_ANALYZER_NUMBER_OBJECT_CONVERSION = YES_AGGRESSIVE;
				CLANG_CXX_LANGUAGE_STANDARD = "gnu++20";
				CLANG_ENABLE_MODULES = YES;
				CLANG_ENABLE_OBJC_ARC = YES;
				CLANG_ENABLE_OBJC_WEAK = YES;
				CLANG_WARN_BLOCK_CAPTURE_AUTORELEASING = YES;
				CLANG_WARN_BOOL_CONVERSION = YES;
				CLANG_WARN_COMMA = YES;
				CLANG_WARN_CONSTANT_CONVERSION = YES;
				CLANG_WARN_DEPRECATED_OBJC_IMPLEMENTATIONS = YES;
				CLANG_WARN_DIRECT_OBJC_ISA_USAGE = YES_ERROR;
				CLANG_WARN_DOCUMENTATION_COMMENTS = YES;
				CLANG_WARN_EMPTY_BODY = YES;
				CLANG_WARN_ENUM_CONVERSION = YES;
				CLANG_WARN_INFINITE_RECURSION = YES;
				CLANG_WARN_INT_CONVERSION = YES;
				CLANG_WARN_NON_LITERAL_NULL_CONVERSION = YES;
				CLANG_WARN_OBJC_IMPLICIT_RETAIN_SELF = YES;
				CLANG_WARN_OBJC_LITERAL_CONVERSION = YES;
				CLANG_WARN_OBJC_ROOT_CLASS = YES_ERROR;
				CLANG_WARN_QUOTED_INCLUDE_IN_FRAMEWORK_HEADER = YES;
				CLANG_WARN_RANGE_LOOP_ANALYSIS = YES;
				CLANG_WARN_STRICT_PROTOTYPES = YES;
				CLANG_WARN_SUSPICIOUS_MOVE = YES;
				CLANG_WARN_UNGUARDED_AVAILABILITY = YES_AGGRESSIVE;
				CLANG_WARN_UNREACHABLE_CODE = YES;
				CLANG_WARN__DUPLICATE_METHOD_MATCH = YES;
				COPY_PHASE_STRIP = NO;
				DEBUG_INFORMATION_FORMAT = "dwarf-with-dsym";
				ENABLE_NS_ASSERTIONS = NO;
				ENABLE_STRICT_OBJC_MSGSEND = YES;
				ENABLE_USER_SCRIPT_SANDBOXING = YES;
				GCC_C_LANGUAGE_STANDARD = gnu17;
				GCC_NO_COMMON_BLOCKS = YES;
				GCC_WARN_64_TO_32_BIT_CONVERSION = YES;
				GCC_WARN_ABOUT_RETURN_TYPE = YES_ERROR;
				GCC_WARN_UNDECLARED_SELECTOR = YES;
				GCC_WARN_UNINITIALIZED_AUTOS = YES_AGGRESSIVE;
				GCC_WARN_UNUSED_FUNCTION = YES;
				GCC_WARN_UNUSED_VARIABLE = YES;
				IPHONEOS_DEPLOYMENT_TARGET = 17.2;
				LOCALIZATION_PREFERS_STRING_CATALOGS = YES;
				MTL_ENABLE_DEBUG_INFO = NO;
				MTL_FAST_MATH = YES;
				SDKROOT = iphoneos;
				SWIFT_COMPILATION_MODE = wholemodule;
				VALIDATE_PRODUCT = YES;
			};
			name = Release;
		};
		3BFF2D4A2BAEF66900CC3698 /* Debug */ = {
			isa = XCBuildConfiguration;
			baseConfigurationReference = F9FC5CA23FF417AF841FD38B /* Pods-TodoList.debug.xcconfig */;
			buildSettings = {
				ASSETCATALOG_COMPILER_APPICON_NAME = AppIcon;
				ASSETCATALOG_COMPILER_GLOBAL_ACCENT_COLOR_NAME = AccentColor;
				CODE_SIGN_STYLE = Automatic;
				CURRENT_PROJECT_VERSION = 1;
				ENABLE_USER_SCRIPT_SANDBOXING = NO;
				GENERATE_INFOPLIST_FILE = YES;
				INFOPLIST_FILE = TodoList/Info.plist;
				INFOPLIST_KEY_UIApplicationSupportsIndirectInputEvents = YES;
				INFOPLIST_KEY_UILaunchStoryboardName = LaunchScreen;
				INFOPLIST_KEY_UIMainStoryboardFile = Main;
				INFOPLIST_KEY_UISupportedInterfaceOrientations_iPad = "UIInterfaceOrientationPortrait UIInterfaceOrientationPortraitUpsideDown UIInterfaceOrientationLandscapeLeft UIInterfaceOrientationLandscapeRight";
				INFOPLIST_KEY_UISupportedInterfaceOrientations_iPhone = "UIInterfaceOrientationPortrait UIInterfaceOrientationLandscapeLeft UIInterfaceOrientationLandscapeRight";
				LD_RUNPATH_SEARCH_PATHS = (
					"$(inherited)",
					"@executable_path/Frameworks",
				);
				MARKETING_VERSION = 1.0;
				PRODUCT_BUNDLE_IDENTIFIER = fr.toobo.TodoList;
				PRODUCT_NAME = "$(TARGET_NAME)";
				SWIFT_EMIT_LOC_STRINGS = YES;
				SWIFT_VERSION = 5.0;
				TARGETED_DEVICE_FAMILY = "1,2";
			};
			name = Debug;
		};
		3BFF2D4B2BAEF66900CC3698 /* Release */ = {
			isa = XCBuildConfiguration;
			baseConfigurationReference = E1157FA4B7E1D1302E0A5A06 /* Pods-TodoList.release.xcconfig */;
			buildSettings = {
				ASSETCATALOG_COMPILER_APPICON_NAME = AppIcon;
				ASSETCATALOG_COMPILER_GLOBAL_ACCENT_COLOR_NAME = AccentColor;
				CODE_SIGN_STYLE = Automatic;
				CURRENT_PROJECT_VERSION = 1;
				ENABLE_USER_SCRIPT_SANDBOXING = NO;
				GENERATE_INFOPLIST_FILE = YES;
				INFOPLIST_FILE = TodoList/Info.plist;
				INFOPLIST_KEY_UIApplicationSupportsIndirectInputEvents = YES;
				INFOPLIST_KEY_UILaunchStoryboardName = LaunchScreen;
				INFOPLIST_KEY_UIMainStoryboardFile = Main;
				INFOPLIST_KEY_UISupportedInterfaceOrientations_iPad = "UIInterfaceOrientationPortrait UIInterfaceOrientationPortraitUpsideDown UIInterfaceOrientationLandscapeLeft UIInterfaceOrientationLandscapeRight";
				INFOPLIST_KEY_UISupportedInterfaceOrientations_iPhone = "UIInterfaceOrientationPortrait UIInterfaceOrientationLandscapeLeft UIInterfaceOrientationLandscapeRight";
				LD_RUNPATH_SEARCH_PATHS = (
					"$(inherited)",
					"@executable_path/Frameworks",
				);
				MARKETING_VERSION = 1.0;
				PRODUCT_BUNDLE_IDENTIFIER = fr.toobo.TodoList;
				PRODUCT_NAME = "$(TARGET_NAME)";
				SWIFT_EMIT_LOC_STRINGS = YES;
				SWIFT_VERSION = 5.0;
				TARGETED_DEVICE_FAMILY = "1,2";
			};
			name = Release;
		};
/* End XCBuildConfiguration section */

/* Begin XCConfigurationList section */
		3BFF2D2D2BAEF66700CC3698 /* Build configuration list for PBXProject "TodoList" */ = {
			isa = XCConfigurationList;
			buildConfigurations = (
				3BFF2D472BAEF66900CC3698 /* Debug */,
				3BFF2D482BAEF66900CC3698 /* Release */,
			);
			defaultConfigurationIsVisible = 0;
			defaultConfigurationName = Release;
		};
		3BFF2D492BAEF66900CC3698 /* Build configuration list for PBXNativeTarget "TodoList" */ = {
			isa = XCConfigurationList;
			buildConfigurations = (
				3BFF2D4A2BAEF66900CC3698 /* Debug */,
				3BFF2D4B2BAEF66900CC3698 /* Release */,
			);
			defaultConfigurationIsVisible = 0;
			defaultConfigurationName = Release;
		};
/* End XCConfigurationList section */

/* Begin XCVersionGroup section */
		3BFF2D3E2BAEF66700CC3698 /* TodoList.xcdatamodeld */ = {
			isa = XCVersionGroup;
			children = (
				3BFF2D3F2BAEF66700CC3698 /* TodoList.xcdatamodel */,
			);
			currentVersion = 3BFF2D3F2BAEF66700CC3698 /* TodoList.xcdatamodel */;
			path = TodoList.xcdatamodeld;
			sourceTree = "<group>";
			versionGroupType = wrapper.xcdatamodel;
		};
/* End XCVersionGroup section */
	};
	rootObject = 3BFF2D2A2BAEF66700CC3698 /* Project object */;
}
